// !$*UTF8*$!
{
	archiveVersion = 1;
	classes = {
	};
	objectVersion = 56;
	objects = {

/* Begin PBXBuildFile section */
		0D7A659D2971AA2000E6B128 /* ScoreView.swift in Sources */ = {isa = PBXBuildFile; fileRef = 0D7A659C2971AA2000E6B128 /* ScoreView.swift */; };
		0D7A659F2971AF3C00E6B128 /* ResultsView.swift in Sources */ = {isa = PBXBuildFile; fileRef = 0D7A659E2971AF3C00E6B128 /* ResultsView.swift */; };
		0D7D2CA629704615008132A3 /* Device.swift in Sources */ = {isa = PBXBuildFile; fileRef = 0D7D2CA529704615008132A3 /* Device.swift */; };
		0D7D2CA82970465C008132A3 /* Layout.swift in Sources */ = {isa = PBXBuildFile; fileRef = 0D7D2CA72970465C008132A3 /* Layout.swift */; };
		0D7D2CAA29704F6E008132A3 /* PillBox.swift in Sources */ = {isa = PBXBuildFile; fileRef = 0D7D2CA929704F6E008132A3 /* PillBox.swift */; };
		0D81748B296F121E00386C1D /* TicTacFingerApp.swift in Sources */ = {isa = PBXBuildFile; fileRef = 0D81748A296F121E00386C1D /* TicTacFingerApp.swift */; };
		0D81748D296F121E00386C1D /* ContentView.swift in Sources */ = {isa = PBXBuildFile; fileRef = 0D81748C296F121E00386C1D /* ContentView.swift */; };
		0D81748F296F122100386C1D /* Assets.xcassets in Resources */ = {isa = PBXBuildFile; fileRef = 0D81748E296F122100386C1D /* Assets.xcassets */; };
		0D817492296F122100386C1D /* Preview Assets.xcassets in Resources */ = {isa = PBXBuildFile; fileRef = 0D817491296F122100386C1D /* Preview Assets.xcassets */; };
		0D81749C296F13FE00386C1D /* Game.swift in Sources */ = {isa = PBXBuildFile; fileRef = 0D81749B296F13FE00386C1D /* Game.swift */; };
		0D81749E296F140800386C1D /* GameTile.swift in Sources */ = {isa = PBXBuildFile; fileRef = 0D81749D296F140800386C1D /* GameTile.swift */; };
		0D8174A0296F141100386C1D /* GameBord.swift in Sources */ = {isa = PBXBuildFile; fileRef = 0D81749F296F141100386C1D /* GameBord.swift */; };
		0D8174A2296F141B00386C1D /* GamePlayer.swift in Sources */ = {isa = PBXBuildFile; fileRef = 0D8174A1296F141B00386C1D /* GamePlayer.swift */; };
		0D8174A4296F158400386C1D /* ViewModel.swift in Sources */ = {isa = PBXBuildFile; fileRef = 0D8174A3296F158400386C1D /* ViewModel.swift */; };
		0D8174A6296F17E300386C1D /* GameTileView.swift in Sources */ = {isa = PBXBuildFile; fileRef = 0D8174A5296F17E300386C1D /* GameTileView.swift */; };
		0D8174A8296F19C900386C1D /* FlippableCardView.swift in Sources */ = {isa = PBXBuildFile; fileRef = 0D8174A7296F19C900386C1D /* FlippableCardView.swift */; };
/* End PBXBuildFile section */

/* Begin PBXFileReference section */
		0D7A659C2971AA2000E6B128 /* ScoreView.swift */ = {isa = PBXFileReference; lastKnownFileType = sourcecode.swift; path = ScoreView.swift; sourceTree = "<group>"; };
		0D7A659E2971AF3C00E6B128 /* ResultsView.swift */ = {isa = PBXFileReference; lastKnownFileType = sourcecode.swift; path = ResultsView.swift; sourceTree = "<group>"; };
		0D7D2CA529704615008132A3 /* Device.swift */ = {isa = PBXFileReference; lastKnownFileType = sourcecode.swift; path = Device.swift; sourceTree = "<group>"; };
		0D7D2CA72970465C008132A3 /* Layout.swift */ = {isa = PBXFileReference; lastKnownFileType = sourcecode.swift; path = Layout.swift; sourceTree = "<group>"; };
		0D7D2CA929704F6E008132A3 /* PillBox.swift */ = {isa = PBXFileReference; lastKnownFileType = sourcecode.swift; path = PillBox.swift; sourceTree = "<group>"; };
		0D817487296F121E00386C1D /* TicTacFinger.app */ = {isa = PBXFileReference; explicitFileType = wrapper.application; includeInIndex = 0; path = TicTacFinger.app; sourceTree = BUILT_PRODUCTS_DIR; };
		0D81748A296F121E00386C1D /* TicTacFingerApp.swift */ = {isa = PBXFileReference; lastKnownFileType = sourcecode.swift; path = TicTacFingerApp.swift; sourceTree = "<group>"; };
		0D81748C296F121E00386C1D /* ContentView.swift */ = {isa = PBXFileReference; lastKnownFileType = sourcecode.swift; path = ContentView.swift; sourceTree = "<group>"; };
		0D81748E296F122100386C1D /* Assets.xcassets */ = {isa = PBXFileReference; lastKnownFileType = folder.assetcatalog; path = Assets.xcassets; sourceTree = "<group>"; };
		0D817491296F122100386C1D /* Preview Assets.xcassets */ = {isa = PBXFileReference; lastKnownFileType = folder.assetcatalog; path = "Preview Assets.xcassets"; sourceTree = "<group>"; };
		0D81749B296F13FE00386C1D /* Game.swift */ = {isa = PBXFileReference; lastKnownFileType = sourcecode.swift; path = Game.swift; sourceTree = "<group>"; };
		0D81749D296F140800386C1D /* GameTile.swift */ = {isa = PBXFileReference; lastKnownFileType = sourcecode.swift; path = GameTile.swift; sourceTree = "<group>"; };
		0D81749F296F141100386C1D /* GameBord.swift */ = {isa = PBXFileReference; lastKnownFileType = sourcecode.swift; path = GameBord.swift; sourceTree = "<group>"; };
		0D8174A1296F141B00386C1D /* GamePlayer.swift */ = {isa = PBXFileReference; lastKnownFileType = sourcecode.swift; path = GamePlayer.swift; sourceTree = "<group>"; };
		0D8174A3296F158400386C1D /* ViewModel.swift */ = {isa = PBXFileReference; lastKnownFileType = sourcecode.swift; path = ViewModel.swift; sourceTree = "<group>"; };
		0D8174A5296F17E300386C1D /* GameTileView.swift */ = {isa = PBXFileReference; lastKnownFileType = sourcecode.swift; path = GameTileView.swift; sourceTree = "<group>"; };
		0D8174A7296F19C900386C1D /* FlippableCardView.swift */ = {isa = PBXFileReference; lastKnownFileType = sourcecode.swift; path = FlippableCardView.swift; sourceTree = "<group>"; };
/* End PBXFileReference section */

/* Begin PBXFrameworksBuildPhase section */
		0D817484296F121E00386C1D /* Frameworks */ = {
			isa = PBXFrameworksBuildPhase;
			buildActionMask = 2147483647;
			files = (
			);
			runOnlyForDeploymentPostprocessing = 0;
		};
/* End PBXFrameworksBuildPhase section */

/* Begin PBXGroup section */
		0D81747E296F121E00386C1D = {
			isa = PBXGroup;
			children = (
				0D817489296F121E00386C1D /* TicTacFinger */,
				0D817488296F121E00386C1D /* Products */,
			);
			sourceTree = "<group>";
		};
		0D817488296F121E00386C1D /* Products */ = {
			isa = PBXGroup;
			children = (
				0D817487296F121E00386C1D /* TicTacFinger.app */,
			);
			name = Products;
			sourceTree = "<group>";
		};
		0D817489296F121E00386C1D /* TicTacFinger */ = {
			isa = PBXGroup;
			children = (
				0D81749A296F139700386C1D /* View */,
				0D817499296F139100386C1D /* ViewModel */,
				0D817498296F138700386C1D /* Model */,
				0D81748A296F121E00386C1D /* TicTacFingerApp.swift */,
				0D81748E296F122100386C1D /* Assets.xcassets */,
				0D817490296F122100386C1D /* Preview Content */,
				0D7D2CA529704615008132A3 /* Device.swift */,
			);
			path = TicTacFinger;
			sourceTree = "<group>";
		};
		0D817490296F122100386C1D /* Preview Content */ = {
			isa = PBXGroup;
			children = (
				0D817491296F122100386C1D /* Preview Assets.xcassets */,
			);
			path = "Preview Content";
			sourceTree = "<group>";
		};
		0D817498296F138700386C1D /* Model */ = {
			isa = PBXGroup;
			children = (
				0D81749B296F13FE00386C1D /* Game.swift */,
				0D81749F296F141100386C1D /* GameBord.swift */,
				0D81749D296F140800386C1D /* GameTile.swift */,
				0D8174A1296F141B00386C1D /* GamePlayer.swift */,
			);
			path = Model;
			sourceTree = "<group>";
		};
		0D817499296F139100386C1D /* ViewModel */ = {
			isa = PBXGroup;
			children = (
				0D8174A3296F158400386C1D /* ViewModel.swift */,
				0D7D2CA72970465C008132A3 /* Layout.swift */,
			);
			path = ViewModel;
			sourceTree = "<group>";
		};
		0D81749A296F139700386C1D /* View */ = {
			isa = PBXGroup;
			children = (
				0D81748C296F121E00386C1D /* ContentView.swift */,
				0D8174A5296F17E300386C1D /* GameTileView.swift */,
				0D8174A7296F19C900386C1D /* FlippableCardView.swift */,
				0D7D2CA929704F6E008132A3 /* PillBox.swift */,
				0D7A659C2971AA2000E6B128 /* ScoreView.swift */,
				0D7A659E2971AF3C00E6B128 /* ResultsView.swift */,
			);
			path = View;
			sourceTree = "<group>";
		};
/* End PBXGroup section */

/* Begin PBXNativeTarget section */
		0D817486296F121E00386C1D /* TicTacFinger */ = {
			isa = PBXNativeTarget;
			buildConfigurationList = 0D817495296F122100386C1D /* Build configuration list for PBXNativeTarget "TicTacFinger" */;
			buildPhases = (
				0D817483296F121E00386C1D /* Sources */,
				0D817484296F121E00386C1D /* Frameworks */,
				0D817485296F121E00386C1D /* Resources */,
			);
			buildRules = (
			);
			dependencies = (
			);
			name = TicTacFinger;
			productName = TicTacFinger;
			productReference = 0D817487296F121E00386C1D /* TicTacFinger.app */;
			productType = "com.apple.product-type.application";
		};
/* End PBXNativeTarget section */

/* Begin PBXProject section */
		0D81747F296F121E00386C1D /* Project object */ = {
			isa = PBXProject;
			attributes = {
				BuildIndependentTargetsInParallel = 1;
				LastSwiftUpdateCheck = 1400;
				LastUpgradeCheck = 1400;
				TargetAttributes = {
					0D817486296F121E00386C1D = {
						CreatedOnToolsVersion = 14.0.1;
					};
				};
			};
			buildConfigurationList = 0D817482296F121E00386C1D /* Build configuration list for PBXProject "TicTacFinger" */;
			compatibilityVersion = "Xcode 14.0";
			developmentRegion = en;
			hasScannedForEncodings = 0;
			knownRegions = (
				en,
				Base,
			);
			mainGroup = 0D81747E296F121E00386C1D;
			productRefGroup = 0D817488296F121E00386C1D /* Products */;
			projectDirPath = "";
			projectRoot = "";
			targets = (
				0D817486296F121E00386C1D /* TicTacFinger */,
			);
		};
/* End PBXProject section */

/* Begin PBXResourcesBuildPhase section */
		0D817485296F121E00386C1D /* Resources */ = {
			isa = PBXResourcesBuildPhase;
			buildActionMask = 2147483647;
			files = (
				0D817492296F122100386C1D /* Preview Assets.xcassets in Resources */,
				0D81748F296F122100386C1D /* Assets.xcassets in Resources */,
			);
			runOnlyForDeploymentPostprocessing = 0;
		};
/* End PBXResourcesBuildPhase section */

/* Begin PBXSourcesBuildPhase section */
		0D817483296F121E00386C1D /* Sources */ = {
			isa = PBXSourcesBuildPhase;
			buildActionMask = 2147483647;
			files = (
				0D8174A6296F17E300386C1D /* GameTileView.swift in Sources */,
				0D81748D296F121E00386C1D /* ContentView.swift in Sources */,
				0D8174A8296F19C900386C1D /* FlippableCardView.swift in Sources */,
				0D8174A0296F141100386C1D /* GameBord.swift in Sources */,
				0D8174A2296F141B00386C1D /* GamePlayer.swift in Sources */,
				0D81749E296F140800386C1D /* GameTile.swift in Sources */,
				0D7D2CAA29704F6E008132A3 /* PillBox.swift in Sources */,
				0D81749C296F13FE00386C1D /* Game.swift in Sources */,
				0D7D2CA82970465C008132A3 /* Layout.swift in Sources */,
				0D81748B296F121E00386C1D /* TicTacFingerApp.swift in Sources */,
				0D8174A4296F158400386C1D /* ViewModel.swift in Sources */,
				0D7A659F2971AF3C00E6B128 /* ResultsView.swift in Sources */,
				0D7A659D2971AA2000E6B128 /* ScoreView.swift in Sources */,
				0D7D2CA629704615008132A3 /* Device.swift in Sources */,
			);
			runOnlyForDeploymentPostprocessing = 0;
		};
/* End PBXSourcesBuildPhase section */

/* Begin XCBuildConfiguration section */
		0D817493296F122100386C1D /* Debug */ = {
			isa = XCBuildConfiguration;
			buildSettings = {
				ALWAYS_SEARCH_USER_PATHS = NO;
				CLANG_ANALYZER_NONNULL = YES;
				CLANG_ANALYZER_NUMBER_OBJECT_CONVERSION = YES_AGGRESSIVE;
				CLANG_CXX_LANGUAGE_STANDARD = "gnu++20";
				CLANG_ENABLE_MODULES = YES;
				CLANG_ENABLE_OBJC_ARC = YES;
				CLANG_ENABLE_OBJC_WEAK = YES;
				CLANG_WARN_BLOCK_CAPTURE_AUTORELEASING = YES;
				CLANG_WARN_BOOL_CONVERSION = YES;
				CLANG_WARN_COMMA = YES;
				CLANG_WARN_CONSTANT_CONVERSION = YES;
				CLANG_WARN_DEPRECATED_OBJC_IMPLEMENTATIONS = YES;
				CLANG_WARN_DIRECT_OBJC_ISA_USAGE = YES_ERROR;
				CLANG_WARN_DOCUMENTATION_COMMENTS = YES;
				CLANG_WARN_EMPTY_BODY = YES;
				CLANG_WARN_ENUM_CONVERSION = YES;
				CLANG_WARN_INFINITE_RECURSION = YES;
				CLANG_WARN_INT_CONVERSION = YES;
				CLANG_WARN_NON_LITERAL_NULL_CONVERSION = YES;
				CLANG_WARN_OBJC_IMPLICIT_RETAIN_SELF = YES;
				CLANG_WARN_OBJC_LITERAL_CONVERSION = YES;
				CLANG_WARN_OBJC_ROOT_CLASS = YES_ERROR;
				CLANG_WARN_QUOTED_INCLUDE_IN_FRAMEWORK_HEADER = YES;
				CLANG_WARN_RANGE_LOOP_ANALYSIS = YES;
				CLANG_WARN_STRICT_PROTOTYPES = YES;
				CLANG_WARN_SUSPICIOUS_MOVE = YES;
				CLANG_WARN_UNGUARDED_AVAILABILITY = YES_AGGRESSIVE;
				CLANG_WARN_UNREACHABLE_CODE = YES;
				CLANG_WARN__DUPLICATE_METHOD_MATCH = YES;
				COPY_PHASE_STRIP = NO;
				DEBUG_INFORMATION_FORMAT = dwarf;
				ENABLE_STRICT_OBJC_MSGSEND = YES;
				ENABLE_TESTABILITY = YES;
				GCC_C_LANGUAGE_STANDARD = gnu11;
				GCC_DYNAMIC_NO_PIC = NO;
				GCC_NO_COMMON_BLOCKS = YES;
				GCC_OPTIMIZATION_LEVEL = 0;
				GCC_PREPROCESSOR_DEFINITIONS = (
					"DEBUG=1",
					"$(inherited)",
				);
				GCC_WARN_64_TO_32_BIT_CONVERSION = YES;
				GCC_WARN_ABOUT_RETURN_TYPE = YES_ERROR;
				GCC_WARN_UNDECLARED_SELECTOR = YES;
				GCC_WARN_UNINITIALIZED_AUTOS = YES_AGGRESSIVE;
				GCC_WARN_UNUSED_FUNCTION = YES;
				GCC_WARN_UNUSED_VARIABLE = YES;
				IPHONEOS_DEPLOYMENT_TARGET = 16.0;
				MTL_ENABLE_DEBUG_INFO = INCLUDE_SOURCE;
				MTL_FAST_MATH = YES;
				ONLY_ACTIVE_ARCH = YES;
				SDKROOT = iphoneos;
				SWIFT_ACTIVE_COMPILATION_CONDITIONS = DEBUG;
				SWIFT_OPTIMIZATION_LEVEL = "-Onone";
			};
			name = Debug;
		};
		0D817494296F122100386C1D /* Release */ = {
			isa = XCBuildConfiguration;
			buildSettings = {
				ALWAYS_SEARCH_USER_PATHS = NO;
				CLANG_ANALYZER_NONNULL = YES;
				CLANG_ANALYZER_NUMBER_OBJECT_CONVERSION = YES_AGGRESSIVE;
				CLANG_CXX_LANGUAGE_STANDARD = "gnu++20";
				CLANG_ENABLE_MODULES = YES;
				CLANG_ENABLE_OBJC_ARC = YES;
				CLANG_ENABLE_OBJC_WEAK = YES;
				CLANG_WARN_BLOCK_CAPTURE_AUTORELEASING = YES;
				CLANG_WARN_BOOL_CONVERSION = YES;
				CLANG_WARN_COMMA = YES;
				CLANG_WARN_CONSTANT_CONVERSION = YES;
				CLANG_WARN_DEPRECATED_OBJC_IMPLEMENTATIONS = YES;
				CLANG_WARN_DIRECT_OBJC_ISA_USAGE = YES_ERROR;
				CLANG_WARN_DOCUMENTATION_COMMENTS = YES;
				CLANG_WARN_EMPTY_BODY = YES;
				CLANG_WARN_ENUM_CONVERSION = YES;
				CLANG_WARN_INFINITE_RECURSION = YES;
				CLANG_WARN_INT_CONVERSION = YES;
				CLANG_WARN_NON_LITERAL_NULL_CONVERSION = YES;
				CLANG_WARN_OBJC_IMPLICIT_RETAIN_SELF = YES;
				CLANG_WARN_OBJC_LITERAL_CONVERSION = YES;
				CLANG_WARN_OBJC_ROOT_CLASS = YES_ERROR;
				CLANG_WARN_QUOTED_INCLUDE_IN_FRAMEWORK_HEADER = YES;
				CLANG_WARN_RANGE_LOOP_ANALYSIS = YES;
				CLANG_WARN_STRICT_PROTOTYPES = YES;
				CLANG_WARN_SUSPICIOUS_MOVE = YES;
				CLANG_WARN_UNGUARDED_AVAILABILITY = YES_AGGRESSIVE;
				CLANG_WARN_UNREACHABLE_CODE = YES;
				CLANG_WARN__DUPLICATE_METHOD_MATCH = YES;
				COPY_PHASE_STRIP = NO;
				DEBUG_INFORMATION_FORMAT = "dwarf-with-dsym";
				ENABLE_NS_ASSERTIONS = NO;
				ENABLE_STRICT_OBJC_MSGSEND = YES;
				GCC_C_LANGUAGE_STANDARD = gnu11;
				GCC_NO_COMMON_BLOCKS = YES;
				GCC_WARN_64_TO_32_BIT_CONVERSION = YES;
				GCC_WARN_ABOUT_RETURN_TYPE = YES_ERROR;
				GCC_WARN_UNDECLARED_SELECTOR = YES;
				GCC_WARN_UNINITIALIZED_AUTOS = YES_AGGRESSIVE;
				GCC_WARN_UNUSED_FUNCTION = YES;
				GCC_WARN_UNUSED_VARIABLE = YES;
				IPHONEOS_DEPLOYMENT_TARGET = 16.0;
				MTL_ENABLE_DEBUG_INFO = NO;
				MTL_FAST_MATH = YES;
				SDKROOT = iphoneos;
				SWIFT_COMPILATION_MODE = wholemodule;
				SWIFT_OPTIMIZATION_LEVEL = "-O";
				VALIDATE_PRODUCT = YES;
			};
			name = Release;
		};
		0D817496296F122100386C1D /* Debug */ = {
			isa = XCBuildConfiguration;
			buildSettings = {
				ASSETCATALOG_COMPILER_APPICON_NAME = AppIcon;
				ASSETCATALOG_COMPILER_GLOBAL_ACCENT_COLOR_NAME = AccentColor;
				CODE_SIGN_STYLE = Automatic;
				CURRENT_PROJECT_VERSION = 1;
				DEVELOPMENT_ASSET_PATHS = "\"TicTacFinger/Preview Content\"";
				ENABLE_PREVIEWS = YES;
				GENERATE_INFOPLIST_FILE = YES;
				INFOPLIST_KEY_UIApplicationSceneManifest_Generation = YES;
				INFOPLIST_KEY_UIApplicationSupportsIndirectInputEvents = YES;
				INFOPLIST_KEY_UILaunchScreen_Generation = YES;
				INFOPLIST_KEY_UISupportedInterfaceOrientations_iPad = "UIInterfaceOrientationPortrait UIInterfaceOrientationPortraitUpsideDown UIInterfaceOrientationLandscapeLeft UIInterfaceOrientationLandscapeRight";
				INFOPLIST_KEY_UISupportedInterfaceOrientations_iPhone = "UIInterfaceOrientationPortrait UIInterfaceOrientationLandscapeLeft UIInterfaceOrientationLandscapeRight";
				LD_RUNPATH_SEARCH_PATHS = (
					"$(inherited)",
					"@executable_path/Frameworks",
				);
				MARKETING_VERSION = 1.0;
				PRODUCT_BUNDLE_IDENTIFIER = com.Jaafar.Zubaidi.TicTacFinger;
				PRODUCT_NAME = "$(TARGET_NAME)";
				SWIFT_EMIT_LOC_STRINGS = YES;
				SWIFT_VERSION = 5.0;
				TARGETED_DEVICE_FAMILY = "1,2";
			};
			name = Debug;
		};
		0D817497296F122100386C1D /* Release */ = {
			isa = XCBuildConfiguration;
			buildSettings = {
				ASSETCATALOG_COMPILER_APPICON_NAME = AppIcon;
				ASSETCATALOG_COMPILER_GLOBAL_ACCENT_COLOR_NAME = AccentColor;
				CODE_SIGN_STYLE = Automatic;
				CURRENT_PROJECT_VERSION = 1;
				DEVELOPMENT_ASSET_PATHS = "\"TicTacFinger/Preview Content\"";
				ENABLE_PREVIEWS = YES;
				GENERATE_INFOPLIST_FILE = YES;
				INFOPLIST_KEY_UIApplicationSceneManifest_Generation = YES;
				INFOPLIST_KEY_UIApplicationSupportsIndirectInputEvents = YES;
				INFOPLIST_KEY_UILaunchScreen_Generation = YES;
				INFOPLIST_KEY_UISupportedInterfaceOrientations_iPad = "UIInterfaceOrientationPortrait UIInterfaceOrientationPortraitUpsideDown UIInterfaceOrientationLandscapeLeft UIInterfaceOrientationLandscapeRight";
				INFOPLIST_KEY_UISupportedInterfaceOrientations_iPhone = "UIInterfaceOrientationPortrait UIInterfaceOrientationLandscapeLeft UIInterfaceOrientationLandscapeRight";
				LD_RUNPATH_SEARCH_PATHS = (
					"$(inherited)",
					"@executable_path/Frameworks",
				);
				MARKETING_VERSION = 1.0;
				PRODUCT_BUNDLE_IDENTIFIER = com.Jaafar.Zubaidi.TicTacFinger;
				PRODUCT_NAME = "$(TARGET_NAME)";
				SWIFT_EMIT_LOC_STRINGS = YES;
				SWIFT_VERSION = 5.0;
				TARGETED_DEVICE_FAMILY = "1,2";
			};
			name = Release;
		};
/* End XCBuildConfiguration section */

/* Begin XCConfigurationList section */
		0D817482296F121E00386C1D /* Build configuration list for PBXProject "TicTacFinger" */ = {
			isa = XCConfigurationList;
			buildConfigurations = (
				0D817493296F122100386C1D /* Debug */,
				0D817494296F122100386C1D /* Release */,
			);
			defaultConfigurationIsVisible = 0;
			defaultConfigurationName = Release;
		};
		0D817495296F122100386C1D /* Build configuration list for PBXNativeTarget "TicTacFinger" */ = {
			isa = XCConfigurationList;
			buildConfigurations = (
				0D817496296F122100386C1D /* Debug */,
				0D817497296F122100386C1D /* Release */,
			);
			defaultConfigurationIsVisible = 0;
			defaultConfigurationName = Release;
		};
/* End XCConfigurationList section */
	};
	rootObject = 0D81747F296F121E00386C1D /* Project object */;
}
